
Microsoft Visual Studio Solution File, Format Version 12.00
# Visual Studio Version 17
VisualStudioVersion = 17.10.35122.118
MinimumVisualStudioVersion = 10.0.40219.1
Project("{FAE04EC0-301F-11D3-BF4B-00C04F79EFBC}") = "LMS_DEPI.APP", "LMS_DEPI\LMS_DEPI.APP.csproj", "{82762A22-F973-4471-8A65-BD9DC25F73D8}"
EndProject
Project("{FAE04EC0-301F-11D3-BF4B-00C04F79EFBC}") = "LMS_DEPI.Entities", "LMS_DEPI.Entities\LMS_DEPI.Entities.csproj", "{8CEA1176-7F7C-4189-92FB-42962929BE76}"
EndProject
Global
	GlobalSection(SolutionConfigurationPlatforms) = preSolution
		Debug|Any CPU = Debug|Any CPU
		Release|Any CPU = Release|Any CPU
	EndGlobalSection
	GlobalSection(ProjectConfigurationPlatforms) = postSolution
		{82762A22-F973-4471-8A65-BD9DC25F73D8}.Debug|Any CPU.ActiveCfg = Debug|Any CPU
		{82762A22-F973-4471-8A65-BD9DC25F73D8}.Debug|Any CPU.Build.0 = Debug|Any CPU
		{82762A22-F973-4471-8A65-BD9DC25F73D8}.Release|Any CPU.ActiveCfg = Release|Any CPU
		{82762A22-F973-4471-8A65-BD9DC25F73D8}.Release|Any CPU.Build.0 = Release|Any CPU
		{8CEA1176-7F7C-4189-92FB-42962929BE76}.Debug|Any CPU.ActiveCfg = Debug|Any CPU
		{8CEA1176-7F7C-4189-92FB-42962929BE76}.Debug|Any CPU.Build.0 = Debug|Any CPU
		{8CEA1176-7F7C-4189-92FB-42962929BE76}.Release|Any CPU.ActiveCfg = Release|Any CPU
		{8CEA1176-7F7C-4189-92FB-42962929BE76}.Release|Any CPU.Build.0 = Release|Any CPU
	EndGlobalSection
	GlobalSection(SolutionProperties) = preSolution
		HideSolutionNode = FALSE
	EndGlobalSection
	GlobalSection(ExtensibilityGlobals) = postSolution
		SolutionGuid = {FBC4A042-E81D-4D17-9EBC-45E291823CBA}
	EndGlobalSection
EndGlobal
